// !$*UTF8*$!
{
	archiveVersion = 1;
	classes = {
	};
	objectVersion = 46;
	objects = {

/* Begin PBXBuildFile section */
		841F9D7C1EB09D1A00073373 /* AppDelegate.swift in Sources */ = {isa = PBXBuildFile; fileRef = 841F9D7B1EB09D1A00073373 /* AppDelegate.swift */; };
		841F9D7E1EB09D1A00073373 /* ViewController.swift in Sources */ = {isa = PBXBuildFile; fileRef = 841F9D7D1EB09D1A00073373 /* ViewController.swift */; };
		841F9D811EB09D1A00073373 /* Main.storyboard in Resources */ = {isa = PBXBuildFile; fileRef = 841F9D7F1EB09D1A00073373 /* Main.storyboard */; };
		841F9D861EB09D1A00073373 /* Assets.xcassets in Resources */ = {isa = PBXBuildFile; fileRef = 841F9D851EB09D1A00073373 /* Assets.xcassets */; };
		841F9D891EB09D1A00073373 /* LaunchScreen.storyboard in Resources */ = {isa = PBXBuildFile; fileRef = 841F9D871EB09D1A00073373 /* LaunchScreen.storyboard */; };
		841F9D941EB09D1A00073373 /* rapid_medleyTests.swift in Sources */ = {isa = PBXBuildFile; fileRef = 841F9D931EB09D1A00073373 /* rapid_medleyTests.swift */; };
		841F9D9F1EB09D1A00073373 /* rapid_medleyUITests.swift in Sources */ = {isa = PBXBuildFile; fileRef = 841F9D9E1EB09D1A00073373 /* rapid_medleyUITests.swift */; };
		841F9DAD1EB09D6400073373 /* Graph.swift in Sources */ = {isa = PBXBuildFile; fileRef = 841F9DAC1EB09D6400073373 /* Graph.swift */; };
		841F9DAF1EB09DAD00073373 /* Split.swift in Sources */ = {isa = PBXBuildFile; fileRef = 841F9DAE1EB09DAD00073373 /* Split.swift */; };
		84278F321EDC181E00D95C52 /* PartMemo+CoreDataClass.swift in Sources */ = {isa = PBXBuildFile; fileRef = 84278F301EDC181E00D95C52 /* PartMemo+CoreDataClass.swift */; };
		84278F331EDC181E00D95C52 /* PartMemo+CoreDataProperties.swift in Sources */ = {isa = PBXBuildFile; fileRef = 84278F311EDC181E00D95C52 /* PartMemo+CoreDataProperties.swift */; };
		842B2DAC1EDDBB6C00A2CC1C /* PlayingDataMemo+CoreDataClass.swift in Sources */ = {isa = PBXBuildFile; fileRef = 842B2DAA1EDDBB6C00A2CC1C /* PlayingDataMemo+CoreDataClass.swift */; };
		842B2DAD1EDDBB6C00A2CC1C /* PlayingDataMemo+CoreDataProperties.swift in Sources */ = {isa = PBXBuildFile; fileRef = 842B2DAB1EDDBB6C00A2CC1C /* PlayingDataMemo+CoreDataProperties.swift */; };
		842B2DAF1EDDBC7600A2CC1C /* MyCoreData.swift in Sources */ = {isa = PBXBuildFile; fileRef = 842B2DAE1EDDBC7600A2CC1C /* MyCoreData.swift */; };
		843DE2181EBCDC5A00D833E0 /* fft.swift in Sources */ = {isa = PBXBuildFile; fileRef = 843DE2171EBCDC5A00D833E0 /* fft.swift */; };
		844C3DC91ED48145009D5814 /* Model.xcdatamodeld in Sources */ = {isa = PBXBuildFile; fileRef = 844C3DC51ED48145009D5814 /* Model.xcdatamodeld */; };
		84629A791EE30D830046E378 /* DeleteView.swift in Sources */ = {isa = PBXBuildFile; fileRef = 84629A781EE30D830046E378 /* DeleteView.swift */; };
		84629A851EE30DA40046E378 /* blueframe.png in Resources */ = {isa = PBXBuildFile; fileRef = 84629A7B1EE30DA40046E378 /* blueframe.png */; };
		84629A861EE30DA40046E378 /* greenframe.png in Resources */ = {isa = PBXBuildFile; fileRef = 84629A7C1EE30DA40046E378 /* greenframe.png */; };
		84629A871EE30DA40046E378 /* nodata.png in Resources */ = {isa = PBXBuildFile; fileRef = 84629A7D1EE30DA40046E378 /* nodata.png */; };
		84629A881EE30DA40046E378 /* play.png in Resources */ = {isa = PBXBuildFile; fileRef = 84629A7E1EE30DA40046E378 /* play.png */; };
		84629A891EE30DA40046E378 /* redframe.png in Resources */ = {isa = PBXBuildFile; fileRef = 84629A7F1EE30DA40046E378 /* redframe.png */; };
		84629A8A1EE30DA40046E378 /* repeat.png in Resources */ = {isa = PBXBuildFile; fileRef = 84629A801EE30DA40046E378 /* repeat.png */; };
		84629A8B1EE30DA40046E378 /* repeaton.png in Resources */ = {isa = PBXBuildFile; fileRef = 84629A811EE30DA40046E378 /* repeaton.png */; };
		84629A8C1EE30DA40046E378 /* square.png in Resources */ = {isa = PBXBuildFile; fileRef = 84629A821EE30DA40046E378 /* square.png */; };
		84629A8D1EE30DA40046E378 /* stop.png in Resources */ = {isa = PBXBuildFile; fileRef = 84629A831EE30DA40046E378 /* stop.png */; };
		84629A8E1EE30DA40046E378 /* tempstop.png in Resources */ = {isa = PBXBuildFile; fileRef = 84629A841EE30DA40046E378 /* tempstop.png */; };
		84629A901EE30E220046E378 /* PlayingData.swift in Sources */ = {isa = PBXBuildFile; fileRef = 84629A8F1EE30E220046E378 /* PlayingData.swift */; };
		84629A921EE3133C0046E378 /* libessentia.a in Frameworks */ = {isa = PBXBuildFile; fileRef = 84629A911EE3133C0046E378 /* libessentia.a */; };
		84629AEE1EE315090046E378 /* Surge.framework in Copy Frameworks */ = {isa = PBXBuildFile; fileRef = 84629AE91EE314620046E378 /* Surge.framework */; settings = {ATTRIBUTES = (CodeSignOnCopy, RemoveHeadersOnCopy, ); }; };
		8482591A1ECA0B6500A574F5 /* cpp.cpp in Sources */ = {isa = PBXBuildFile; fileRef = 848259181ECA0B6500A574F5 /* cpp.cpp */; };
		84C7B3601ECCB2EE00E87585 /* Accelerate.framework in Frameworks */ = {isa = PBXBuildFile; fileRef = 84C7B35F1ECCB2EE00E87585 /* Accelerate.framework */; };
		84D7D0941EC87AA000CD778F /* AudioData.swift in Sources */ = {isa = PBXBuildFile; fileRef = 84D7D0921EC87AA000CD778F /* AudioData.swift */; };
		84D7D0961EC87C3000CD778F /* objc.mm in Sources */ = {isa = PBXBuildFile; fileRef = 84D7D0951EC87C3000CD778F /* objc.mm */; };
		84D99B291EB856A200AAC4AB /* Mixer.swift in Sources */ = {isa = PBXBuildFile; fileRef = 84D99B281EB856A100AAC4AB /* Mixer.swift */; };
		84D99B2B1EB85E2000AAC4AB /* PartMusic.swift in Sources */ = {isa = PBXBuildFile; fileRef = 84D99B2A1EB85E2000AAC4AB /* PartMusic.swift */; };
		84E2AEEC1ED34810000BB283 /* AVUtility.swift in Sources */ = {isa = PBXBuildFile; fileRef = 84E2AEEB1ED34810000BB283 /* AVUtility.swift */; };
/* End PBXBuildFile section */

/* Begin PBXContainerItemProxy section */
		841F9D901EB09D1A00073373 /* PBXContainerItemProxy */ = {
			isa = PBXContainerItemProxy;
			containerPortal = 841F9D701EB09D1A00073373 /* Project object */;
			proxyType = 1;
			remoteGlobalIDString = 841F9D771EB09D1A00073373;
			remoteInfo = rapid_medley;
		};
		841F9D9B1EB09D1A00073373 /* PBXContainerItemProxy */ = {
			isa = PBXContainerItemProxy;
			containerPortal = 841F9D701EB09D1A00073373 /* Project object */;
			proxyType = 1;
			remoteGlobalIDString = 841F9D771EB09D1A00073373;
			remoteInfo = rapid_medley;
		};
		84629AE81EE314620046E378 /* PBXContainerItemProxy */ = {
			isa = PBXContainerItemProxy;
			containerPortal = 84629AE31EE314610046E378 /* Surge.xcodeproj */;
			proxyType = 2;
			remoteGlobalIDString = F8A1E1AA19917A79009735E2;
			remoteInfo = Surge;
		};
		84629AEA1EE314620046E378 /* PBXContainerItemProxy */ = {
			isa = PBXContainerItemProxy;
			containerPortal = 84629AE31EE314610046E378 /* Surge.xcodeproj */;
			proxyType = 2;
			remoteGlobalIDString = F84A6AAE19A9A72F007B53E1;
			remoteInfo = SurgeTests;
		};
		84629AEC1EE314D50046E378 /* PBXContainerItemProxy */ = {
			isa = PBXContainerItemProxy;
			containerPortal = 84629AE31EE314610046E378 /* Surge.xcodeproj */;
			proxyType = 1;
			remoteGlobalIDString = F8A1E1A919917A79009735E2;
			remoteInfo = Surge;
		};
/* End PBXContainerItemProxy section */

/* Begin PBXCopyFilesBuildPhase section */
		841F9DBF1EB0D4C100073373 /* Copy Frameworks */ = {
			isa = PBXCopyFilesBuildPhase;
			buildActionMask = 2147483647;
			dstPath = "";
			dstSubfolderSpec = 10;
			files = (
				84629AEE1EE315090046E378 /* Surge.framework in Copy Frameworks */,
			);
			name = "Copy Frameworks";
			runOnlyForDeploymentPostprocessing = 0;
		};
		841F9DC51EB0D5F200073373 /* Copy Frameworks */ = {
			isa = PBXCopyFilesBuildPhase;
			buildActionMask = 2147483647;
			dstPath = "";
			dstSubfolderSpec = 10;
			files = (
			);
			name = "Copy Frameworks";
			runOnlyForDeploymentPostprocessing = 0;
		};
		841F9DC91EB0D61500073373 /* Copy Frameworks */ = {
			isa = PBXCopyFilesBuildPhase;
			buildActionMask = 2147483647;
			dstPath = "";
			dstSubfolderSpec = 10;
			files = (
			);
			name = "Copy Frameworks";
			runOnlyForDeploymentPostprocessing = 0;
		};
/* End PBXCopyFilesBuildPhase section */

/* Begin PBXFileReference section */
		841F9D781EB09D1A00073373 /* rapid_medley.app */ = {isa = PBXFileReference; explicitFileType = wrapper.application; includeInIndex = 0; path = rapid_medley.app; sourceTree = BUILT_PRODUCTS_DIR; };
		841F9D7B1EB09D1A00073373 /* AppDelegate.swift */ = {isa = PBXFileReference; lastKnownFileType = sourcecode.swift; path = AppDelegate.swift; sourceTree = "<group>"; };
		841F9D7D1EB09D1A00073373 /* ViewController.swift */ = {isa = PBXFileReference; lastKnownFileType = sourcecode.swift; path = ViewController.swift; sourceTree = "<group>"; };
		841F9D801EB09D1A00073373 /* Base */ = {isa = PBXFileReference; lastKnownFileType = file.storyboard; name = Base; path = Base.lproj/Main.storyboard; sourceTree = "<group>"; };
		841F9D851EB09D1A00073373 /* Assets.xcassets */ = {isa = PBXFileReference; lastKnownFileType = folder.assetcatalog; path = Assets.xcassets; sourceTree = "<group>"; };
		841F9D881EB09D1A00073373 /* Base */ = {isa = PBXFileReference; lastKnownFileType = file.storyboard; name = Base; path = Base.lproj/LaunchScreen.storyboard; sourceTree = "<group>"; };
		841F9D8A1EB09D1A00073373 /* Info.plist */ = {isa = PBXFileReference; lastKnownFileType = text.plist.xml; path = Info.plist; sourceTree = "<group>"; };
		841F9D8F1EB09D1A00073373 /* rapid_medleyTests.xctest */ = {isa = PBXFileReference; explicitFileType = wrapper.cfbundle; includeInIndex = 0; path = rapid_medleyTests.xctest; sourceTree = BUILT_PRODUCTS_DIR; };
		841F9D931EB09D1A00073373 /* rapid_medleyTests.swift */ = {isa = PBXFileReference; lastKnownFileType = sourcecode.swift; path = rapid_medleyTests.swift; sourceTree = "<group>"; };
		841F9D951EB09D1A00073373 /* Info.plist */ = {isa = PBXFileReference; lastKnownFileType = text.plist.xml; path = Info.plist; sourceTree = "<group>"; };
		841F9D9A1EB09D1A00073373 /* rapid_medleyUITests.xctest */ = {isa = PBXFileReference; explicitFileType = wrapper.cfbundle; includeInIndex = 0; path = rapid_medleyUITests.xctest; sourceTree = BUILT_PRODUCTS_DIR; };
		841F9D9E1EB09D1A00073373 /* rapid_medleyUITests.swift */ = {isa = PBXFileReference; lastKnownFileType = sourcecode.swift; path = rapid_medleyUITests.swift; sourceTree = "<group>"; };
		841F9DA01EB09D1A00073373 /* Info.plist */ = {isa = PBXFileReference; lastKnownFileType = text.plist.xml; path = Info.plist; sourceTree = "<group>"; };
		841F9DAC1EB09D6400073373 /* Graph.swift */ = {isa = PBXFileReference; fileEncoding = 4; lastKnownFileType = sourcecode.swift; path = Graph.swift; sourceTree = "<group>"; };
		841F9DAE1EB09DAD00073373 /* Split.swift */ = {isa = PBXFileReference; fileEncoding = 4; lastKnownFileType = sourcecode.swift; path = Split.swift; sourceTree = "<group>"; };
		84278F301EDC181E00D95C52 /* PartMemo+CoreDataClass.swift */ = {isa = PBXFileReference; fileEncoding = 4; lastKnownFileType = sourcecode.swift; path = "PartMemo+CoreDataClass.swift"; sourceTree = "<group>"; };
		84278F311EDC181E00D95C52 /* PartMemo+CoreDataProperties.swift */ = {isa = PBXFileReference; fileEncoding = 4; lastKnownFileType = sourcecode.swift; path = "PartMemo+CoreDataProperties.swift"; sourceTree = "<group>"; };
		842B2DAA1EDDBB6C00A2CC1C /* PlayingDataMemo+CoreDataClass.swift */ = {isa = PBXFileReference; fileEncoding = 4; lastKnownFileType = sourcecode.swift; path = "PlayingDataMemo+CoreDataClass.swift"; sourceTree = "<group>"; };
		842B2DAB1EDDBB6C00A2CC1C /* PlayingDataMemo+CoreDataProperties.swift */ = {isa = PBXFileReference; fileEncoding = 4; lastKnownFileType = sourcecode.swift; path = "PlayingDataMemo+CoreDataProperties.swift"; sourceTree = "<group>"; };
		842B2DAE1EDDBC7600A2CC1C /* MyCoreData.swift */ = {isa = PBXFileReference; fileEncoding = 4; lastKnownFileType = sourcecode.swift; path = MyCoreData.swift; sourceTree = "<group>"; };
		843DE2171EBCDC5A00D833E0 /* fft.swift */ = {isa = PBXFileReference; fileEncoding = 4; lastKnownFileType = sourcecode.swift; path = fft.swift; sourceTree = "<group>"; };
		844C3DC61ED48145009D5814 /* Model.xcdatamodel */ = {isa = PBXFileReference; lastKnownFileType = wrapper.xcdatamodel; path = Model.xcdatamodel; sourceTree = "<group>"; };
		84629A781EE30D830046E378 /* DeleteView.swift */ = {isa = PBXFileReference; fileEncoding = 4; lastKnownFileType = sourcecode.swift; path = DeleteView.swift; sourceTree = "<group>"; };
		84629A7B1EE30DA40046E378 /* blueframe.png */ = {isa = PBXFileReference; lastKnownFileType = image.png; path = blueframe.png; sourceTree = "<group>"; };
		84629A7C1EE30DA40046E378 /* greenframe.png */ = {isa = PBXFileReference; lastKnownFileType = image.png; path = greenframe.png; sourceTree = "<group>"; };
		84629A7D1EE30DA40046E378 /* nodata.png */ = {isa = PBXFileReference; lastKnownFileType = image.png; path = nodata.png; sourceTree = "<group>"; };
		84629A7E1EE30DA40046E378 /* play.png */ = {isa = PBXFileReference; lastKnownFileType = image.png; path = play.png; sourceTree = "<group>"; };
		84629A7F1EE30DA40046E378 /* redframe.png */ = {isa = PBXFileReference; lastKnownFileType = image.png; path = redframe.png; sourceTree = "<group>"; };
		84629A801EE30DA40046E378 /* repeat.png */ = {isa = PBXFileReference; lastKnownFileType = image.png; path = repeat.png; sourceTree = "<group>"; };
		84629A811EE30DA40046E378 /* repeaton.png */ = {isa = PBXFileReference; lastKnownFileType = image.png; path = repeaton.png; sourceTree = "<group>"; };
		84629A821EE30DA40046E378 /* square.png */ = {isa = PBXFileReference; lastKnownFileType = image.png; path = square.png; sourceTree = "<group>"; };
		84629A831EE30DA40046E378 /* stop.png */ = {isa = PBXFileReference; lastKnownFileType = image.png; path = stop.png; sourceTree = "<group>"; };
		84629A841EE30DA40046E378 /* tempstop.png */ = {isa = PBXFileReference; lastKnownFileType = image.png; path = tempstop.png; sourceTree = "<group>"; };
		84629A8F1EE30E220046E378 /* PlayingData.swift */ = {isa = PBXFileReference; fileEncoding = 4; lastKnownFileType = sourcecode.swift; path = PlayingData.swift; sourceTree = "<group>"; };
		84629A911EE3133C0046E378 /* libessentia.a */ = {isa = PBXFileReference; lastKnownFileType = archive.ar; path = libessentia.a; sourceTree = "<group>"; };
		84629AE31EE314610046E378 /* Surge.xcodeproj */ = {isa = PBXFileReference; lastKnownFileType = "wrapper.pb-project"; name = Surge.xcodeproj; path = Surge/Surge.xcodeproj; sourceTree = "<group>"; };
		848259181ECA0B6500A574F5 /* cpp.cpp */ = {isa = PBXFileReference; fileEncoding = 4; lastKnownFileType = sourcecode.cpp.cpp; path = cpp.cpp; sourceTree = "<group>"; };
		848259191ECA0B6500A574F5 /* cpp.hpp */ = {isa = PBXFileReference; fileEncoding = 4; lastKnownFileType = sourcecode.cpp.h; path = cpp.hpp; sourceTree = "<group>"; };
		84C7B2811ECBD98A00E87585 /* algorithm.h */ = {isa = PBXFileReference; fileEncoding = 4; lastKnownFileType = sourcecode.c.h; path = algorithm.h; sourceTree = "<group>"; };
		84C7B2821ECBD98A00E87585 /* algorithmfactory.h */ = {isa = PBXFileReference; fileEncoding = 4; lastKnownFileType = sourcecode.c.h; path = algorithmfactory.h; sourceTree = "<group>"; };
		84C7B2831ECBD98A00E87585 /* algorithmfactory_impl.h */ = {isa = PBXFileReference; fileEncoding = 4; lastKnownFileType = sourcecode.c.h; path = algorithmfactory_impl.h; sourceTree = "<group>"; };
		84C7B2841ECBD98A00E87585 /* config.h */ = {isa = PBXFileReference; fileEncoding = 4; lastKnownFileType = sourcecode.c.h; path = config.h; sourceTree = "<group>"; };
		84C7B2851ECBD98A00E87585 /* configurable.h */ = {isa = PBXFileReference; fileEncoding = 4; lastKnownFileType = sourcecode.c.h; path = configurable.h; sourceTree = "<group>"; };
		84C7B2861ECBD98A00E87585 /* connector.h */ = {isa = PBXFileReference; fileEncoding = 4; lastKnownFileType = sourcecode.c.h; path = connector.h; sourceTree = "<group>"; };
		84C7B2871ECBD98A00E87585 /* debugging.h */ = {isa = PBXFileReference; fileEncoding = 4; lastKnownFileType = sourcecode.c.h; path = debugging.h; sourceTree = "<group>"; };
		84C7B2881ECBD98A00E87585 /* essentia.h */ = {isa = PBXFileReference; fileEncoding = 4; lastKnownFileType = sourcecode.c.h; path = essentia.h; sourceTree = "<group>"; };
		84C7B2891ECBD98A00E87585 /* essentiamath.h */ = {isa = PBXFileReference; fileEncoding = 4; lastKnownFileType = sourcecode.c.h; path = essentiamath.h; sourceTree = "<group>"; };
		84C7B28A1ECBD98A00E87585 /* essentiautil.h */ = {isa = PBXFileReference; fileEncoding = 4; lastKnownFileType = sourcecode.c.h; path = essentiautil.h; sourceTree = "<group>"; };
		84C7B28B1ECBD98A00E87585 /* iotypewrappers.h */ = {isa = PBXFileReference; fileEncoding = 4; lastKnownFileType = sourcecode.c.h; path = iotypewrappers.h; sourceTree = "<group>"; };
		84C7B28C1ECBD98A00E87585 /* iotypewrappers_impl.h */ = {isa = PBXFileReference; fileEncoding = 4; lastKnownFileType = sourcecode.c.h; path = iotypewrappers_impl.h; sourceTree = "<group>"; };
		84C7B28D1ECBD98A00E87585 /* parameter.h */ = {isa = PBXFileReference; fileEncoding = 4; lastKnownFileType = sourcecode.c.h; path = parameter.h; sourceTree = "<group>"; };
		84C7B28E1ECBD98A00E87585 /* pool.h */ = {isa = PBXFileReference; fileEncoding = 4; lastKnownFileType = sourcecode.c.h; path = pool.h; sourceTree = "<group>"; };
		84C7B28F1ECBD98A00E87585 /* range.h */ = {isa = PBXFileReference; fileEncoding = 4; lastKnownFileType = sourcecode.c.h; path = range.h; sourceTree = "<group>"; };
		84C7B2901ECBD98A00E87585 /* roguevector.h */ = {isa = PBXFileReference; fileEncoding = 4; lastKnownFileType = sourcecode.c.h; path = roguevector.h; sourceTree = "<group>"; };
		84C7B2921ECBD98A00E87585 /* graphutils.h */ = {isa = PBXFileReference; fileEncoding = 4; lastKnownFileType = sourcecode.c.h; path = graphutils.h; sourceTree = "<group>"; };
		84C7B2931ECBD98A00E87585 /* network.h */ = {isa = PBXFileReference; fileEncoding = 4; lastKnownFileType = sourcecode.c.h; path = network.h; sourceTree = "<group>"; };
		84C7B2941ECBD98A00E87585 /* networkparser.h */ = {isa = PBXFileReference; fileEncoding = 4; lastKnownFileType = sourcecode.c.h; path = networkparser.h; sourceTree = "<group>"; };
		84C7B2951ECBD98A00E87585 /* streamconnector.h */ = {isa = PBXFileReference; fileEncoding = 4; lastKnownFileType = sourcecode.c.h; path = streamconnector.h; sourceTree = "<group>"; };
		84C7B2971ECBD98A00E87585 /* accumulatoralgorithm.h */ = {isa = PBXFileReference; fileEncoding = 4; lastKnownFileType = sourcecode.c.h; path = accumulatoralgorithm.h; sourceTree = "<group>"; };
		84C7B2991ECBD98A00E87585 /* copy.h */ = {isa = PBXFileReference; fileEncoding = 4; lastKnownFileType = sourcecode.c.h; path = copy.h; sourceTree = "<group>"; };
		84C7B29A1ECBD98A00E87585 /* devnull.h */ = {isa = PBXFileReference; fileEncoding = 4; lastKnownFileType = sourcecode.c.h; path = devnull.h; sourceTree = "<group>"; };
		84C7B29B1ECBD98A00E87585 /* diskwriter.h */ = {isa = PBXFileReference; fileEncoding = 4; lastKnownFileType = sourcecode.c.h; path = diskwriter.h; sourceTree = "<group>"; };
		84C7B29C1ECBD98A00E87585 /* fileoutput.h */ = {isa = PBXFileReference; fileEncoding = 4; lastKnownFileType = sourcecode.c.h; path = fileoutput.h; sourceTree = "<group>"; };
		84C7B29D1ECBD98A00E87585 /* poolstorage.h */ = {isa = PBXFileReference; fileEncoding = 4; lastKnownFileType = sourcecode.c.h; path = poolstorage.h; sourceTree = "<group>"; };
		84C7B29E1ECBD98A00E87585 /* ringbufferinput.h */ = {isa = PBXFileReference; fileEncoding = 4; lastKnownFileType = sourcecode.c.h; path = ringbufferinput.h; sourceTree = "<group>"; };
		84C7B29F1ECBD98A00E87585 /* ringbufferoutput.h */ = {isa = PBXFileReference; fileEncoding = 4; lastKnownFileType = sourcecode.c.h; path = ringbufferoutput.h; sourceTree = "<group>"; };
		84C7B2A01ECBD98A00E87585 /* ringbuffervectoroutput.h */ = {isa = PBXFileReference; fileEncoding = 4; lastKnownFileType = sourcecode.c.h; path = ringbuffervectoroutput.h; sourceTree = "<group>"; };
		84C7B2A11ECBD98A00E87585 /* vectorinput.h */ = {isa = PBXFileReference; fileEncoding = 4; lastKnownFileType = sourcecode.c.h; path = vectorinput.h; sourceTree = "<group>"; };
		84C7B2A21ECBD98A00E87585 /* vectoroutput.h */ = {isa = PBXFileReference; fileEncoding = 4; lastKnownFileType = sourcecode.c.h; path = vectoroutput.h; sourceTree = "<group>"; };
		84C7B2A31ECBD98A00E87585 /* multiratebuffer.h */ = {isa = PBXFileReference; fileEncoding = 4; lastKnownFileType = sourcecode.c.h; path = multiratebuffer.h; sourceTree = "<group>"; };
		84C7B2A41ECBD98A00E87585 /* phantombuffer.h */ = {isa = PBXFileReference; fileEncoding = 4; lastKnownFileType = sourcecode.c.h; path = phantombuffer.h; sourceTree = "<group>"; };
		84C7B2A51ECBD98A00E87585 /* phantombuffer_impl.h */ = {isa = PBXFileReference; fileEncoding = 4; lastKnownFileType = sourcecode.c.h; path = phantombuffer_impl.h; sourceTree = "<group>"; };
		84C7B2A61ECBD98A00E87585 /* sink.h */ = {isa = PBXFileReference; fileEncoding = 4; lastKnownFileType = sourcecode.c.h; path = sink.h; sourceTree = "<group>"; };
		84C7B2A71ECBD98A00E87585 /* sinkbase.h */ = {isa = PBXFileReference; fileEncoding = 4; lastKnownFileType = sourcecode.c.h; path = sinkbase.h; sourceTree = "<group>"; };
		84C7B2A81ECBD98A00E87585 /* sinkproxy.h */ = {isa = PBXFileReference; fileEncoding = 4; lastKnownFileType = sourcecode.c.h; path = sinkproxy.h; sourceTree = "<group>"; };
		84C7B2A91ECBD98A00E87585 /* source.h */ = {isa = PBXFileReference; fileEncoding = 4; lastKnownFileType = sourcecode.c.h; path = source.h; sourceTree = "<group>"; };
		84C7B2AA1ECBD98A00E87585 /* sourcebase.h */ = {isa = PBXFileReference; fileEncoding = 4; lastKnownFileType = sourcecode.c.h; path = sourcebase.h; sourceTree = "<group>"; };
		84C7B2AB1ECBD98A00E87585 /* sourceproxy.h */ = {isa = PBXFileReference; fileEncoding = 4; lastKnownFileType = sourcecode.c.h; path = sourceproxy.h; sourceTree = "<group>"; };
		84C7B2AC1ECBD98A00E87585 /* streamingalgorithm.h */ = {isa = PBXFileReference; fileEncoding = 4; lastKnownFileType = sourcecode.c.h; path = streamingalgorithm.h; sourceTree = "<group>"; };
		84C7B2AD1ECBD98A00E87585 /* streamingalgorithmcomposite.h */ = {isa = PBXFileReference; fileEncoding = 4; lastKnownFileType = sourcecode.c.h; path = streamingalgorithmcomposite.h; sourceTree = "<group>"; };
		84C7B2AE1ECBD98A00E87585 /* streamingalgorithmwrapper.h */ = {isa = PBXFileReference; fileEncoding = 4; lastKnownFileType = sourcecode.c.h; path = streamingalgorithmwrapper.h; sourceTree = "<group>"; };
		84C7B2AF1ECBD98A00E87585 /* streamutil.h */ = {isa = PBXFileReference; fileEncoding = 4; lastKnownFileType = sourcecode.c.h; path = streamutil.h; sourceTree = "<group>"; };
		84C7B2B01ECBD98A00E87585 /* stringutil.h */ = {isa = PBXFileReference; fileEncoding = 4; lastKnownFileType = sourcecode.c.h; path = stringutil.h; sourceTree = "<group>"; };
		84C7B2B11ECBD98A00E87585 /* threading.h */ = {isa = PBXFileReference; fileEncoding = 4; lastKnownFileType = sourcecode.c.h; path = threading.h; sourceTree = "<group>"; };
		84C7B2B21ECBD98A00E87585 /* types.h */ = {isa = PBXFileReference; fileEncoding = 4; lastKnownFileType = sourcecode.c.h; path = types.h; sourceTree = "<group>"; };
		84C7B2B41ECBD98A00E87585 /* asciidag.h */ = {isa = PBXFileReference; fileEncoding = 4; lastKnownFileType = sourcecode.c.h; path = asciidag.h; sourceTree = "<group>"; };
		84C7B2B51ECBD98A00E87585 /* asciidagparser.h */ = {isa = PBXFileReference; fileEncoding = 4; lastKnownFileType = sourcecode.c.h; path = asciidagparser.h; sourceTree = "<group>"; };
		84C7B2B61ECBD98A00E87585 /* atomic.h */ = {isa = PBXFileReference; fileEncoding = 4; lastKnownFileType = sourcecode.c.h; path = atomic.h; sourceTree = "<group>"; };
		84C7B2B71ECBD98A00E87585 /* audiocontext.h */ = {isa = PBXFileReference; fileEncoding = 4; lastKnownFileType = sourcecode.c.h; path = audiocontext.h; sourceTree = "<group>"; };
		84C7B2B81ECBD98A00E87585 /* betools.h */ = {isa = PBXFileReference; fileEncoding = 4; lastKnownFileType = sourcecode.c.h; path = betools.h; sourceTree = "<group>"; };
		84C7B2B91ECBD98A00E87585 /* bpfutil.h */ = {isa = PBXFileReference; fileEncoding = 4; lastKnownFileType = sourcecode.c.h; path = bpfutil.h; sourceTree = "<group>"; };
		84C7B2BA1ECBD98A00E87585 /* bpmutil.h */ = {isa = PBXFileReference; fileEncoding = 4; lastKnownFileType = sourcecode.c.h; path = bpmutil.h; sourceTree = "<group>"; };
		84C7B2BB1ECBD98A00E87585 /* ffmpegapi.h */ = {isa = PBXFileReference; fileEncoding = 4; lastKnownFileType = sourcecode.c.h; path = ffmpegapi.h; sourceTree = "<group>"; };
		84C7B2BC1ECBD98A00E87585 /* jsonconvert.h */ = {isa = PBXFileReference; fileEncoding = 4; lastKnownFileType = sourcecode.c.h; path = jsonconvert.h; sourceTree = "<group>"; };
		84C7B2BD1ECBD98A00E87585 /* MersenneTwister.h */ = {isa = PBXFileReference; fileEncoding = 4; lastKnownFileType = sourcecode.c.h; path = MersenneTwister.h; sourceTree = "<group>"; };
		84C7B2BE1ECBD98A00E87585 /* metadatautils.h */ = {isa = PBXFileReference; fileEncoding = 4; lastKnownFileType = sourcecode.c.h; path = metadatautils.h; sourceTree = "<group>"; };
		84C7B2BF1ECBD98A00E87585 /* output.h */ = {isa = PBXFileReference; fileEncoding = 4; lastKnownFileType = sourcecode.c.h; path = output.h; sourceTree = "<group>"; };
		84C7B2C01ECBD98A00E87585 /* peak.h */ = {isa = PBXFileReference; fileEncoding = 4; lastKnownFileType = sourcecode.c.h; path = peak.h; sourceTree = "<group>"; };
		84C7B2C11ECBD98A00E87585 /* ringbufferimpl.h */ = {isa = PBXFileReference; fileEncoding = 4; lastKnownFileType = sourcecode.c.h; path = ringbufferimpl.h; sourceTree = "<group>"; };
		84C7B2C21ECBD98A00E87585 /* synth_utils.h */ = {isa = PBXFileReference; fileEncoding = 4; lastKnownFileType = sourcecode.c.h; path = synth_utils.h; sourceTree = "<group>"; };
		84C7B2C41ECBD98A00E87585 /* jama_cholesky.h */ = {isa = PBXFileReference; fileEncoding = 4; lastKnownFileType = sourcecode.c.h; path = jama_cholesky.h; sourceTree = "<group>"; };
		84C7B2C51ECBD98A00E87585 /* jama_eig.h */ = {isa = PBXFileReference; fileEncoding = 4; lastKnownFileType = sourcecode.c.h; path = jama_eig.h; sourceTree = "<group>"; };
		84C7B2C61ECBD98A00E87585 /* jama_lu.h */ = {isa = PBXFileReference; fileEncoding = 4; lastKnownFileType = sourcecode.c.h; path = jama_lu.h; sourceTree = "<group>"; };
		84C7B2C71ECBD98A00E87585 /* jama_qr.h */ = {isa = PBXFileReference; fileEncoding = 4; lastKnownFileType = sourcecode.c.h; path = jama_qr.h; sourceTree = "<group>"; };
		84C7B2C81ECBD98A00E87585 /* jama_svd.h */ = {isa = PBXFileReference; fileEncoding = 4; lastKnownFileType = sourcecode.c.h; path = jama_svd.h; sourceTree = "<group>"; };
		84C7B2C91ECBD98A00E87585 /* tnt.h */ = {isa = PBXFileReference; fileEncoding = 4; lastKnownFileType = sourcecode.c.h; path = tnt.h; sourceTree = "<group>"; };
		84C7B2CA1ECBD98A00E87585 /* tnt2essentiautils.h */ = {isa = PBXFileReference; fileEncoding = 4; lastKnownFileType = sourcecode.c.h; path = tnt2essentiautils.h; sourceTree = "<group>"; };
		84C7B2CB1ECBD98A00E87585 /* tnt2vector.h */ = {isa = PBXFileReference; fileEncoding = 4; lastKnownFileType = sourcecode.c.h; path = tnt2vector.h; sourceTree = "<group>"; };
		84C7B2CC1ECBD98A00E87585 /* tnt_array1d.h */ = {isa = PBXFileReference; fileEncoding = 4; lastKnownFileType = sourcecode.c.h; path = tnt_array1d.h; sourceTree = "<group>"; };
		84C7B2CD1ECBD98A00E87585 /* tnt_array1d_utils.h */ = {isa = PBXFileReference; fileEncoding = 4; lastKnownFileType = sourcecode.c.h; path = tnt_array1d_utils.h; sourceTree = "<group>"; };
		84C7B2CE1ECBD98A00E87585 /* tnt_array2d.h */ = {isa = PBXFileReference; fileEncoding = 4; lastKnownFileType = sourcecode.c.h; path = tnt_array2d.h; sourceTree = "<group>"; };
		84C7B2CF1ECBD98A00E87585 /* tnt_array2d_utils.h */ = {isa = PBXFileReference; fileEncoding = 4; lastKnownFileType = sourcecode.c.h; path = tnt_array2d_utils.h; sourceTree = "<group>"; };
		84C7B2D01ECBD98A00E87585 /* tnt_array3d.h */ = {isa = PBXFileReference; fileEncoding = 4; lastKnownFileType = sourcecode.c.h; path = tnt_array3d.h; sourceTree = "<group>"; };
		84C7B2D11ECBD98A00E87585 /* tnt_array3d_utils.h */ = {isa = PBXFileReference; fileEncoding = 4; lastKnownFileType = sourcecode.c.h; path = tnt_array3d_utils.h; sourceTree = "<group>"; };
		84C7B2D21ECBD98A00E87585 /* tnt_cmat.h */ = {isa = PBXFileReference; fileEncoding = 4; lastKnownFileType = sourcecode.c.h; path = tnt_cmat.h; sourceTree = "<group>"; };
		84C7B2D31ECBD98A00E87585 /* tnt_fortran_array1d.h */ = {isa = PBXFileReference; fileEncoding = 4; lastKnownFileType = sourcecode.c.h; path = tnt_fortran_array1d.h; sourceTree = "<group>"; };
		84C7B2D41ECBD98A00E87585 /* tnt_fortran_array1d_utils.h */ = {isa = PBXFileReference; fileEncoding = 4; lastKnownFileType = sourcecode.c.h; path = tnt_fortran_array1d_utils.h; sourceTree = "<group>"; };
		84C7B2D51ECBD98A00E87585 /* tnt_fortran_array2d.h */ = {isa = PBXFileReference; fileEncoding = 4; lastKnownFileType = sourcecode.c.h; path = tnt_fortran_array2d.h; sourceTree = "<group>"; };
		84C7B2D61ECBD98A00E87585 /* tnt_fortran_array2d_utils.h */ = {isa = PBXFileReference; fileEncoding = 4; lastKnownFileType = sourcecode.c.h; path = tnt_fortran_array2d_utils.h; sourceTree = "<group>"; };
		84C7B2D71ECBD98A00E87585 /* tnt_fortran_array3d.h */ = {isa = PBXFileReference; fileEncoding = 4; lastKnownFileType = sourcecode.c.h; path = tnt_fortran_array3d.h; sourceTree = "<group>"; };
		84C7B2D81ECBD98A00E87585 /* tnt_fortran_array3d_utils.h */ = {isa = PBXFileReference; fileEncoding = 4; lastKnownFileType = sourcecode.c.h; path = tnt_fortran_array3d_utils.h; sourceTree = "<group>"; };
		84C7B2D91ECBD98A00E87585 /* tnt_i_refvec.h */ = {isa = PBXFileReference; fileEncoding = 4; lastKnownFileType = sourcecode.c.h; path = tnt_i_refvec.h; sourceTree = "<group>"; };
		84C7B2DA1ECBD98A00E87585 /* tnt_math_utils.h */ = {isa = PBXFileReference; fileEncoding = 4; lastKnownFileType = sourcecode.c.h; path = tnt_math_utils.h; sourceTree = "<group>"; };
		84C7B2DB1ECBD98A00E87585 /* tnt_sparse_matrix_csr.h */ = {isa = PBXFileReference; fileEncoding = 4; lastKnownFileType = sourcecode.c.h; path = tnt_sparse_matrix_csr.h; sourceTree = "<group>"; };
		84C7B2DC1ECBD98A00E87585 /* tnt_stopwatch.h */ = {isa = PBXFileReference; fileEncoding = 4; lastKnownFileType = sourcecode.c.h; path = tnt_stopwatch.h; sourceTree = "<group>"; };
		84C7B2DD1ECBD98A00E87585 /* tnt_subscript.h */ = {isa = PBXFileReference; fileEncoding = 4; lastKnownFileType = sourcecode.c.h; path = tnt_subscript.h; sourceTree = "<group>"; };
		84C7B2DE1ECBD98A00E87585 /* tnt_vec.h */ = {isa = PBXFileReference; fileEncoding = 4; lastKnownFileType = sourcecode.c.h; path = tnt_vec.h; sourceTree = "<group>"; };
		84C7B2DF1ECBD98A00E87585 /* tnt_version.h */ = {isa = PBXFileReference; fileEncoding = 4; lastKnownFileType = sourcecode.c.h; path = tnt_version.h; sourceTree = "<group>"; };
		84C7B2E01ECBD98A00E87585 /* yamlast.h */ = {isa = PBXFileReference; fileEncoding = 4; lastKnownFileType = sourcecode.c.h; path = yamlast.h; sourceTree = "<group>"; };
		84C7B2E11ECBD98A00E87585 /* version.h */ = {isa = PBXFileReference; fileEncoding = 4; lastKnownFileType = sourcecode.c.h; path = version.h; sourceTree = "<group>"; };
		84C7B35F1ECCB2EE00E87585 /* Accelerate.framework */ = {isa = PBXFileReference; lastKnownFileType = wrapper.framework; name = Accelerate.framework; path = System/Library/Frameworks/Accelerate.framework; sourceTree = SDKROOT; };
		84D7D0921EC87AA000CD778F /* AudioData.swift */ = {isa = PBXFileReference; fileEncoding = 4; lastKnownFileType = sourcecode.swift; path = AudioData.swift; sourceTree = "<group>"; };
		84D7D0931EC87AA000CD778F /* rapid_medley-Bridging-Header.h */ = {isa = PBXFileReference; fileEncoding = 4; lastKnownFileType = sourcecode.c.h; path = "rapid_medley-Bridging-Header.h"; sourceTree = "<group>"; };
		84D7D0951EC87C3000CD778F /* objc.mm */ = {isa = PBXFileReference; fileEncoding = 4; lastKnownFileType = sourcecode.cpp.objcpp; path = objc.mm; sourceTree = "<group>"; };
		84D7D0971EC87CF900CD778F /* objc.h */ = {isa = PBXFileReference; lastKnownFileType = sourcecode.c.h; path = objc.h; sourceTree = "<group>"; };
		84D99B281EB856A100AAC4AB /* Mixer.swift */ = {isa = PBXFileReference; fileEncoding = 4; lastKnownFileType = sourcecode.swift; path = Mixer.swift; sourceTree = "<group>"; };
		84D99B2A1EB85E2000AAC4AB /* PartMusic.swift */ = {isa = PBXFileReference; fileEncoding = 4; lastKnownFileType = sourcecode.swift; path = PartMusic.swift; sourceTree = "<group>"; };
		84E2AEE91ED2FDF1000BB283 /* libessentia.a */ = {isa = PBXFileReference; lastKnownFileType = archive.ar; name = libessentia.a; path = "essentia-ios/build/src/libessentia.a"; sourceTree = "<group>"; };
		84E2AEEB1ED34810000BB283 /* AVUtility.swift */ = {isa = PBXFileReference; fileEncoding = 4; lastKnownFileType = sourcecode.swift; path = AVUtility.swift; sourceTree = "<group>"; };
/* End PBXFileReference section */

/* Begin PBXFrameworksBuildPhase section */
		841F9D751EB09D1A00073373 /* Frameworks */ = {
			isa = PBXFrameworksBuildPhase;
			buildActionMask = 2147483647;
			files = (
				84629A921EE3133C0046E378 /* libessentia.a in Frameworks */,
				84C7B3601ECCB2EE00E87585 /* Accelerate.framework in Frameworks */,
			);
			runOnlyForDeploymentPostprocessing = 0;
		};
		841F9D8C1EB09D1A00073373 /* Frameworks */ = {
			isa = PBXFrameworksBuildPhase;
			buildActionMask = 2147483647;
			files = (
			);
			runOnlyForDeploymentPostprocessing = 0;
		};
		841F9D971EB09D1A00073373 /* Frameworks */ = {
			isa = PBXFrameworksBuildPhase;
			buildActionMask = 2147483647;
			files = (
			);
			runOnlyForDeploymentPostprocessing = 0;
		};
/* End PBXFrameworksBuildPhase section */

/* Begin PBXGroup section */
		841F9D6F1EB09D1A00073373 = {
			isa = PBXGroup;
			children = (
				84629AE31EE314610046E378 /* Surge.xcodeproj */,
				842B2DAA1EDDBB6C00A2CC1C /* PlayingDataMemo+CoreDataClass.swift */,
				842B2DAB1EDDBB6C00A2CC1C /* PlayingDataMemo+CoreDataProperties.swift */,
				84278F301EDC181E00D95C52 /* PartMemo+CoreDataClass.swift */,
				84278F311EDC181E00D95C52 /* PartMemo+CoreDataProperties.swift */,
				841F9D7A1EB09D1A00073373 /* rapid_medley */,
				841F9D921EB09D1A00073373 /* rapid_medleyTests */,
				841F9D9D1EB09D1A00073373 /* rapid_medleyUITests */,
				841F9D791EB09D1A00073373 /* Products */,
				843DE2341EC86CA800D833E0 /* Frameworks */,
			);
			sourceTree = "<group>";
		};
		841F9D791EB09D1A00073373 /* Products */ = {
			isa = PBXGroup;
			children = (
				841F9D781EB09D1A00073373 /* rapid_medley.app */,
				841F9D8F1EB09D1A00073373 /* rapid_medleyTests.xctest */,
				841F9D9A1EB09D1A00073373 /* rapid_medleyUITests.xctest */,
			);
			name = Products;
			sourceTree = "<group>";
		};
		841F9D7A1EB09D1A00073373 /* rapid_medley */ = {
			isa = PBXGroup;
			children = (
				84629A7A1EE30DA40046E378 /* Resources */,
				841F9D7F1EB09D1A00073373 /* Main.storyboard */,
				841F9D7D1EB09D1A00073373 /* ViewController.swift */,
				84629A781EE30D830046E378 /* DeleteView.swift */,
				84629A8F1EE30E220046E378 /* PlayingData.swift */,
				842B2DAE1EDDBC7600A2CC1C /* MyCoreData.swift */,
				841F9DAE1EB09DAD00073373 /* Split.swift */,
				84D99B281EB856A100AAC4AB /* Mixer.swift */,
				84D99B2A1EB85E2000AAC4AB /* PartMusic.swift */,
				84D7D0921EC87AA000CD778F /* AudioData.swift */,
				848259181ECA0B6500A574F5 /* cpp.cpp */,
				848259191ECA0B6500A574F5 /* cpp.hpp */,
				84D7D0931EC87AA000CD778F /* rapid_medley-Bridging-Header.h */,
				84D7D0951EC87C3000CD778F /* objc.mm */,
				84D7D0971EC87CF900CD778F /* objc.h */,
				844C3DC51ED48145009D5814 /* Model.xcdatamodeld */,
				84C7B2801ECBD98A00E87585 /* essentia */,
				841F9D7B1EB09D1A00073373 /* AppDelegate.swift */,
				841F9D851EB09D1A00073373 /* Assets.xcassets */,
				841F9D871EB09D1A00073373 /* LaunchScreen.storyboard */,
				841F9D8A1EB09D1A00073373 /* Info.plist */,
				841F9DAC1EB09D6400073373 /* Graph.swift */,
				843DE2171EBCDC5A00D833E0 /* fft.swift */,
				84E2AEEB1ED34810000BB283 /* AVUtility.swift */,
			);
			path = rapid_medley;
			sourceTree = "<group>";
		};
		841F9D921EB09D1A00073373 /* rapid_medleyTests */ = {
			isa = PBXGroup;
			children = (
				841F9D931EB09D1A00073373 /* rapid_medleyTests.swift */,
				841F9D951EB09D1A00073373 /* Info.plist */,
			);
			path = rapid_medleyTests;
			sourceTree = "<group>";
		};
		841F9D9D1EB09D1A00073373 /* rapid_medleyUITests */ = {
			isa = PBXGroup;
			children = (
				841F9D9E1EB09D1A00073373 /* rapid_medleyUITests.swift */,
				841F9DA01EB09D1A00073373 /* Info.plist */,
			);
			path = rapid_medleyUITests;
			sourceTree = "<group>";
		};
		843DE2341EC86CA800D833E0 /* Frameworks */ = {
			isa = PBXGroup;
			children = (
				84629A911EE3133C0046E378 /* libessentia.a */,
				84E2AEE91ED2FDF1000BB283 /* libessentia.a */,
				84C7B35F1ECCB2EE00E87585 /* Accelerate.framework */,
			);
			name = Frameworks;
			sourceTree = "<group>";
		};
		84629A7A1EE30DA40046E378 /* Resources */ = {
			isa = PBXGroup;
			children = (
				84629A7B1EE30DA40046E378 /* blueframe.png */,
				84629A7C1EE30DA40046E378 /* greenframe.png */,
				84629A7D1EE30DA40046E378 /* nodata.png */,
				84629A7E1EE30DA40046E378 /* play.png */,
				84629A7F1EE30DA40046E378 /* redframe.png */,
				84629A801EE30DA40046E378 /* repeat.png */,
				84629A811EE30DA40046E378 /* repeaton.png */,
				84629A821EE30DA40046E378 /* square.png */,
				84629A831EE30DA40046E378 /* stop.png */,
				84629A841EE30DA40046E378 /* tempstop.png */,
			);
			path = Resources;
			sourceTree = "<group>";
		};
		84629AE41EE314610046E378 /* Products */ = {
			isa = PBXGroup;
			children = (
				84629AE91EE314620046E378 /* Surge.framework */,
				84629AEB1EE314620046E378 /* SurgeTests.xctest */,
			);
			name = Products;
			sourceTree = "<group>";
		};
		84C7B2801ECBD98A00E87585 /* essentia */ = {
			isa = PBXGroup;
			children = (
				84C7B2811ECBD98A00E87585 /* algorithm.h */,
				84C7B2821ECBD98A00E87585 /* algorithmfactory.h */,
				84C7B2831ECBD98A00E87585 /* algorithmfactory_impl.h */,
				84C7B2841ECBD98A00E87585 /* config.h */,
				84C7B2851ECBD98A00E87585 /* configurable.h */,
				84C7B2861ECBD98A00E87585 /* connector.h */,
				84C7B2871ECBD98A00E87585 /* debugging.h */,
				84C7B2881ECBD98A00E87585 /* essentia.h */,
				84C7B2891ECBD98A00E87585 /* essentiamath.h */,
				84C7B28A1ECBD98A00E87585 /* essentiautil.h */,
				84C7B28B1ECBD98A00E87585 /* iotypewrappers.h */,
				84C7B28C1ECBD98A00E87585 /* iotypewrappers_impl.h */,
				84C7B28D1ECBD98A00E87585 /* parameter.h */,
				84C7B28E1ECBD98A00E87585 /* pool.h */,
				84C7B28F1ECBD98A00E87585 /* range.h */,
				84C7B2901ECBD98A00E87585 /* roguevector.h */,
				84C7B2911ECBD98A00E87585 /* scheduler */,
				84C7B2951ECBD98A00E87585 /* streamconnector.h */,
				84C7B2961ECBD98A00E87585 /* streaming */,
				84C7B2AF1ECBD98A00E87585 /* streamutil.h */,
				84C7B2B01ECBD98A00E87585 /* stringutil.h */,
				84C7B2B11ECBD98A00E87585 /* threading.h */,
				84C7B2B21ECBD98A00E87585 /* types.h */,
				84C7B2B31ECBD98A00E87585 /* utils */,
				84C7B2E11ECBD98A00E87585 /* version.h */,
			);
			path = essentia;
			sourceTree = "<group>";
		};
		84C7B2911ECBD98A00E87585 /* scheduler */ = {
			isa = PBXGroup;
			children = (
				84C7B2921ECBD98A00E87585 /* graphutils.h */,
				84C7B2931ECBD98A00E87585 /* network.h */,
				84C7B2941ECBD98A00E87585 /* networkparser.h */,
			);
			path = scheduler;
			sourceTree = "<group>";
		};
		84C7B2961ECBD98A00E87585 /* streaming */ = {
			isa = PBXGroup;
			children = (
				84C7B2971ECBD98A00E87585 /* accumulatoralgorithm.h */,
				84C7B2981ECBD98A00E87585 /* algorithms */,
				84C7B2A31ECBD98A00E87585 /* multiratebuffer.h */,
				84C7B2A41ECBD98A00E87585 /* phantombuffer.h */,
				84C7B2A51ECBD98A00E87585 /* phantombuffer_impl.h */,
				84C7B2A61ECBD98A00E87585 /* sink.h */,
				84C7B2A71ECBD98A00E87585 /* sinkbase.h */,
				84C7B2A81ECBD98A00E87585 /* sinkproxy.h */,
				84C7B2A91ECBD98A00E87585 /* source.h */,
				84C7B2AA1ECBD98A00E87585 /* sourcebase.h */,
				84C7B2AB1ECBD98A00E87585 /* sourceproxy.h */,
				84C7B2AC1ECBD98A00E87585 /* streamingalgorithm.h */,
				84C7B2AD1ECBD98A00E87585 /* streamingalgorithmcomposite.h */,
				84C7B2AE1ECBD98A00E87585 /* streamingalgorithmwrapper.h */,
			);
			path = streaming;
			sourceTree = "<group>";
		};
		84C7B2981ECBD98A00E87585 /* algorithms */ = {
			isa = PBXGroup;
			children = (
				84C7B2991ECBD98A00E87585 /* copy.h */,
				84C7B29A1ECBD98A00E87585 /* devnull.h */,
				84C7B29B1ECBD98A00E87585 /* diskwriter.h */,
				84C7B29C1ECBD98A00E87585 /* fileoutput.h */,
				84C7B29D1ECBD98A00E87585 /* poolstorage.h */,
				84C7B29E1ECBD98A00E87585 /* ringbufferinput.h */,
				84C7B29F1ECBD98A00E87585 /* ringbufferoutput.h */,
				84C7B2A01ECBD98A00E87585 /* ringbuffervectoroutput.h */,
				84C7B2A11ECBD98A00E87585 /* vectorinput.h */,
				84C7B2A21ECBD98A00E87585 /* vectoroutput.h */,
			);
			path = algorithms;
			sourceTree = "<group>";
		};
		84C7B2B31ECBD98A00E87585 /* utils */ = {
			isa = PBXGroup;
			children = (
				84C7B2B41ECBD98A00E87585 /* asciidag.h */,
				84C7B2B51ECBD98A00E87585 /* asciidagparser.h */,
				84C7B2B61ECBD98A00E87585 /* atomic.h */,
				84C7B2B71ECBD98A00E87585 /* audiocontext.h */,
				84C7B2B81ECBD98A00E87585 /* betools.h */,
				84C7B2B91ECBD98A00E87585 /* bpfutil.h */,
				84C7B2BA1ECBD98A00E87585 /* bpmutil.h */,
				84C7B2BB1ECBD98A00E87585 /* ffmpegapi.h */,
				84C7B2BC1ECBD98A00E87585 /* jsonconvert.h */,
				84C7B2BD1ECBD98A00E87585 /* MersenneTwister.h */,
				84C7B2BE1ECBD98A00E87585 /* metadatautils.h */,
				84C7B2BF1ECBD98A00E87585 /* output.h */,
				84C7B2C01ECBD98A00E87585 /* peak.h */,
				84C7B2C11ECBD98A00E87585 /* ringbufferimpl.h */,
				84C7B2C21ECBD98A00E87585 /* synth_utils.h */,
				84C7B2C31ECBD98A00E87585 /* tnt */,
				84C7B2E01ECBD98A00E87585 /* yamlast.h */,
			);
			path = utils;
			sourceTree = "<group>";
		};
		84C7B2C31ECBD98A00E87585 /* tnt */ = {
			isa = PBXGroup;
			children = (
				84C7B2C41ECBD98A00E87585 /* jama_cholesky.h */,
				84C7B2C51ECBD98A00E87585 /* jama_eig.h */,
				84C7B2C61ECBD98A00E87585 /* jama_lu.h */,
				84C7B2C71ECBD98A00E87585 /* jama_qr.h */,
				84C7B2C81ECBD98A00E87585 /* jama_svd.h */,
				84C7B2C91ECBD98A00E87585 /* tnt.h */,
				84C7B2CA1ECBD98A00E87585 /* tnt2essentiautils.h */,
				84C7B2CB1ECBD98A00E87585 /* tnt2vector.h */,
				84C7B2CC1ECBD98A00E87585 /* tnt_array1d.h */,
				84C7B2CD1ECBD98A00E87585 /* tnt_array1d_utils.h */,
				84C7B2CE1ECBD98A00E87585 /* tnt_array2d.h */,
				84C7B2CF1ECBD98A00E87585 /* tnt_array2d_utils.h */,
				84C7B2D01ECBD98A00E87585 /* tnt_array3d.h */,
				84C7B2D11ECBD98A00E87585 /* tnt_array3d_utils.h */,
				84C7B2D21ECBD98A00E87585 /* tnt_cmat.h */,
				84C7B2D31ECBD98A00E87585 /* tnt_fortran_array1d.h */,
				84C7B2D41ECBD98A00E87585 /* tnt_fortran_array1d_utils.h */,
				84C7B2D51ECBD98A00E87585 /* tnt_fortran_array2d.h */,
				84C7B2D61ECBD98A00E87585 /* tnt_fortran_array2d_utils.h */,
				84C7B2D71ECBD98A00E87585 /* tnt_fortran_array3d.h */,
				84C7B2D81ECBD98A00E87585 /* tnt_fortran_array3d_utils.h */,
				84C7B2D91ECBD98A00E87585 /* tnt_i_refvec.h */,
				84C7B2DA1ECBD98A00E87585 /* tnt_math_utils.h */,
				84C7B2DB1ECBD98A00E87585 /* tnt_sparse_matrix_csr.h */,
				84C7B2DC1ECBD98A00E87585 /* tnt_stopwatch.h */,
				84C7B2DD1ECBD98A00E87585 /* tnt_subscript.h */,
				84C7B2DE1ECBD98A00E87585 /* tnt_vec.h */,
				84C7B2DF1ECBD98A00E87585 /* tnt_version.h */,
			);
			path = tnt;
			sourceTree = "<group>";
		};
/* End PBXGroup section */

/* Begin PBXNativeTarget section */
		841F9D771EB09D1A00073373 /* rapid_medley */ = {
			isa = PBXNativeTarget;
			buildConfigurationList = 841F9DA31EB09D1A00073373 /* Build configuration list for PBXNativeTarget "rapid_medley" */;
			buildPhases = (
				841F9D741EB09D1A00073373 /* Sources */,
				841F9D751EB09D1A00073373 /* Frameworks */,
				841F9D761EB09D1A00073373 /* Resources */,
				841F9DBF1EB0D4C100073373 /* Copy Frameworks */,
			);
			buildRules = (
			);
			dependencies = (
				84629AED1EE314D50046E378 /* PBXTargetDependency */,
			);
			name = rapid_medley;
			productName = rapid_medley;
			productReference = 841F9D781EB09D1A00073373 /* rapid_medley.app */;
			productType = "com.apple.product-type.application";
		};
		841F9D8E1EB09D1A00073373 /* rapid_medleyTests */ = {
			isa = PBXNativeTarget;
			buildConfigurationList = 841F9DA61EB09D1A00073373 /* Build configuration list for PBXNativeTarget "rapid_medleyTests" */;
			buildPhases = (
				841F9D8B1EB09D1A00073373 /* Sources */,
				841F9D8C1EB09D1A00073373 /* Frameworks */,
				841F9D8D1EB09D1A00073373 /* Resources */,
				841F9DC51EB0D5F200073373 /* Copy Frameworks */,
			);
			buildRules = (
			);
			dependencies = (
				841F9D911EB09D1A00073373 /* PBXTargetDependency */,
			);
			name = rapid_medleyTests;
			productName = rapid_medleyTests;
			productReference = 841F9D8F1EB09D1A00073373 /* rapid_medleyTests.xctest */;
			productType = "com.apple.product-type.bundle.unit-test";
		};
		841F9D991EB09D1A00073373 /* rapid_medleyUITests */ = {
			isa = PBXNativeTarget;
			buildConfigurationList = 841F9DA91EB09D1A00073373 /* Build configuration list for PBXNativeTarget "rapid_medleyUITests" */;
			buildPhases = (
				841F9D961EB09D1A00073373 /* Sources */,
				841F9D971EB09D1A00073373 /* Frameworks */,
				841F9D981EB09D1A00073373 /* Resources */,
				841F9DC91EB0D61500073373 /* Copy Frameworks */,
			);
			buildRules = (
			);
			dependencies = (
				841F9D9C1EB09D1A00073373 /* PBXTargetDependency */,
			);
			name = rapid_medleyUITests;
			productName = rapid_medleyUITests;
			productReference = 841F9D9A1EB09D1A00073373 /* rapid_medleyUITests.xctest */;
			productType = "com.apple.product-type.bundle.ui-testing";
		};
/* End PBXNativeTarget section */

/* Begin PBXProject section */
		841F9D701EB09D1A00073373 /* Project object */ = {
			isa = PBXProject;
			attributes = {
				LastSwiftUpdateCheck = 0830;
				LastUpgradeCheck = 0830;
				ORGANIZATIONNAME = basemusi;
				TargetAttributes = {
					841F9D771EB09D1A00073373 = {
						CreatedOnToolsVersion = 8.3.2;
						LastSwiftMigration = 0830;
						ProvisioningStyle = Manual;
					};
					841F9D8E1EB09D1A00073373 = {
						CreatedOnToolsVersion = 8.3.2;
						ProvisioningStyle = Automatic;
						TestTargetID = 841F9D771EB09D1A00073373;
					};
					841F9D991EB09D1A00073373 = {
						CreatedOnToolsVersion = 8.3.2;
						ProvisioningStyle = Automatic;
						TestTargetID = 841F9D771EB09D1A00073373;
					};
				};
			};
			buildConfigurationList = 841F9D731EB09D1A00073373 /* Build configuration list for PBXProject "rapid_medley" */;
			compatibilityVersion = "Xcode 3.2";
			developmentRegion = English;
			hasScannedForEncodings = 0;
			knownRegions = (
				en,
				Base,
			);
			mainGroup = 841F9D6F1EB09D1A00073373;
			productRefGroup = 841F9D791EB09D1A00073373 /* Products */;
			projectDirPath = "";
			projectReferences = (
				{
					ProductGroup = 84629AE41EE314610046E378 /* Products */;
					ProjectRef = 84629AE31EE314610046E378 /* Surge.xcodeproj */;
				},
			);
			projectRoot = "";
			targets = (
				841F9D771EB09D1A00073373 /* rapid_medley */,
				841F9D8E1EB09D1A00073373 /* rapid_medleyTests */,
				841F9D991EB09D1A00073373 /* rapid_medleyUITests */,
			);
		};
/* End PBXProject section */

/* Begin PBXReferenceProxy section */
		84629AE91EE314620046E378 /* Surge.framework */ = {
			isa = PBXReferenceProxy;
			fileType = wrapper.framework;
			path = Surge.framework;
			remoteRef = 84629AE81EE314620046E378 /* PBXContainerItemProxy */;
			sourceTree = BUILT_PRODUCTS_DIR;
		};
		84629AEB1EE314620046E378 /* SurgeTests.xctest */ = {
			isa = PBXReferenceProxy;
			fileType = wrapper.cfbundle;
			path = SurgeTests.xctest;
			remoteRef = 84629AEA1EE314620046E378 /* PBXContainerItemProxy */;
			sourceTree = BUILT_PRODUCTS_DIR;
		};
/* End PBXReferenceProxy section */

/* Begin PBXResourcesBuildPhase section */
		841F9D761EB09D1A00073373 /* Resources */ = {
			isa = PBXResourcesBuildPhase;
			buildActionMask = 2147483647;
			files = (
				84629A8A1EE30DA40046E378 /* repeat.png in Resources */,
				84629A881EE30DA40046E378 /* play.png in Resources */,
				84629A8E1EE30DA40046E378 /* tempstop.png in Resources */,
				84629A861EE30DA40046E378 /* greenframe.png in Resources */,
				841F9D891EB09D1A00073373 /* LaunchScreen.storyboard in Resources */,
				841F9D861EB09D1A00073373 /* Assets.xcassets in Resources */,
				84629A8D1EE30DA40046E378 /* stop.png in Resources */,
				84629A8B1EE30DA40046E378 /* repeaton.png in Resources */,
				841F9D811EB09D1A00073373 /* Main.storyboard in Resources */,
				84629A891EE30DA40046E378 /* redframe.png in Resources */,
				84629A871EE30DA40046E378 /* nodata.png in Resources */,
				84629A851EE30DA40046E378 /* blueframe.png in Resources */,
				84629A8C1EE30DA40046E378 /* square.png in Resources */,
			);
			runOnlyForDeploymentPostprocessing = 0;
		};
		841F9D8D1EB09D1A00073373 /* Resources */ = {
			isa = PBXResourcesBuildPhase;
			buildActionMask = 2147483647;
			files = (
			);
			runOnlyForDeploymentPostprocessing = 0;
		};
		841F9D981EB09D1A00073373 /* Resources */ = {
			isa = PBXResourcesBuildPhase;
			buildActionMask = 2147483647;
			files = (
			);
			runOnlyForDeploymentPostprocessing = 0;
		};
/* End PBXResourcesBuildPhase section */

/* Begin PBXSourcesBuildPhase section */
		841F9D741EB09D1A00073373 /* Sources */ = {
			isa = PBXSourcesBuildPhase;
			buildActionMask = 2147483647;
			files = (
				84D99B291EB856A200AAC4AB /* Mixer.swift in Sources */,
				84D7D0961EC87C3000CD778F /* objc.mm in Sources */,
				84D99B2B1EB85E2000AAC4AB /* PartMusic.swift in Sources */,
				843DE2181EBCDC5A00D833E0 /* fft.swift in Sources */,
				842B2DAF1EDDBC7600A2CC1C /* MyCoreData.swift in Sources */,
				8482591A1ECA0B6500A574F5 /* cpp.cpp in Sources */,
				842B2DAD1EDDBB6C00A2CC1C /* PlayingDataMemo+CoreDataProperties.swift in Sources */,
				84D7D0941EC87AA000CD778F /* AudioData.swift in Sources */,
				841F9DAD1EB09D6400073373 /* Graph.swift in Sources */,
				84629A791EE30D830046E378 /* DeleteView.swift in Sources */,
				841F9D7E1EB09D1A00073373 /* ViewController.swift in Sources */,
				841F9D7C1EB09D1A00073373 /* AppDelegate.swift in Sources */,
				84278F321EDC181E00D95C52 /* PartMemo+CoreDataClass.swift in Sources */,
				84278F331EDC181E00D95C52 /* PartMemo+CoreDataProperties.swift in Sources */,
				84E2AEEC1ED34810000BB283 /* AVUtility.swift in Sources */,
				841F9DAF1EB09DAD00073373 /* Split.swift in Sources */,
				84629A901EE30E220046E378 /* PlayingData.swift in Sources */,
				842B2DAC1EDDBB6C00A2CC1C /* PlayingDataMemo+CoreDataClass.swift in Sources */,
				844C3DC91ED48145009D5814 /* Model.xcdatamodeld in Sources */,
			);
			runOnlyForDeploymentPostprocessing = 0;
		};
		841F9D8B1EB09D1A00073373 /* Sources */ = {
			isa = PBXSourcesBuildPhase;
			buildActionMask = 2147483647;
			files = (
				841F9D941EB09D1A00073373 /* rapid_medleyTests.swift in Sources */,
			);
			runOnlyForDeploymentPostprocessing = 0;
		};
		841F9D961EB09D1A00073373 /* Sources */ = {
			isa = PBXSourcesBuildPhase;
			buildActionMask = 2147483647;
			files = (
				841F9D9F1EB09D1A00073373 /* rapid_medleyUITests.swift in Sources */,
			);
			runOnlyForDeploymentPostprocessing = 0;
		};
/* End PBXSourcesBuildPhase section */

/* Begin PBXTargetDependency section */
		841F9D911EB09D1A00073373 /* PBXTargetDependency */ = {
			isa = PBXTargetDependency;
			target = 841F9D771EB09D1A00073373 /* rapid_medley */;
			targetProxy = 841F9D901EB09D1A00073373 /* PBXContainerItemProxy */;
		};
		841F9D9C1EB09D1A00073373 /* PBXTargetDependency */ = {
			isa = PBXTargetDependency;
			target = 841F9D771EB09D1A00073373 /* rapid_medley */;
			targetProxy = 841F9D9B1EB09D1A00073373 /* PBXContainerItemProxy */;
		};
		84629AED1EE314D50046E378 /* PBXTargetDependency */ = {
			isa = PBXTargetDependency;
			name = Surge;
			targetProxy = 84629AEC1EE314D50046E378 /* PBXContainerItemProxy */;
		};
/* End PBXTargetDependency section */

/* Begin PBXVariantGroup section */
		841F9D7F1EB09D1A00073373 /* Main.storyboard */ = {
			isa = PBXVariantGroup;
			children = (
				841F9D801EB09D1A00073373 /* Base */,
			);
			name = Main.storyboard;
			sourceTree = "<group>";
		};
		841F9D871EB09D1A00073373 /* LaunchScreen.storyboard */ = {
			isa = PBXVariantGroup;
			children = (
				841F9D881EB09D1A00073373 /* Base */,
			);
			name = LaunchScreen.storyboard;
			sourceTree = "<group>";
		};
/* End PBXVariantGroup section */

/* Begin XCBuildConfiguration section */
		841F9DA11EB09D1A00073373 /* Debug */ = {
			isa = XCBuildConfiguration;
			buildSettings = {
				ALWAYS_SEARCH_USER_PATHS = NO;
				CLANG_ANALYZER_NONNULL = YES;
				CLANG_ANALYZER_NUMBER_OBJECT_CONVERSION = YES_AGGRESSIVE;
				CLANG_CXX_LANGUAGE_STANDARD = "gnu++0x";
				CLANG_CXX_LIBRARY = "libc++";
				CLANG_ENABLE_MODULES = YES;
				CLANG_ENABLE_OBJC_ARC = YES;
				CLANG_WARN_BOOL_CONVERSION = YES;
				CLANG_WARN_CONSTANT_CONVERSION = YES;
				CLANG_WARN_DIRECT_OBJC_ISA_USAGE = YES_ERROR;
				CLANG_WARN_DOCUMENTATION_COMMENTS = YES;
				CLANG_WARN_EMPTY_BODY = YES;
				CLANG_WARN_ENUM_CONVERSION = YES;
				CLANG_WARN_INFINITE_RECURSION = YES;
				CLANG_WARN_INT_CONVERSION = YES;
				CLANG_WARN_OBJC_ROOT_CLASS = YES_ERROR;
				CLANG_WARN_SUSPICIOUS_MOVE = YES;
				CLANG_WARN_UNREACHABLE_CODE = YES;
				CLANG_WARN__DUPLICATE_METHOD_MATCH = YES;
				"CODE_SIGN_IDENTITY[sdk=iphoneos*]" = "iPhone Developer";
				COPY_PHASE_STRIP = NO;
				DEBUG_INFORMATION_FORMAT = dwarf;
				ENABLE_STRICT_OBJC_MSGSEND = YES;
				ENABLE_TESTABILITY = YES;
				GCC_C_LANGUAGE_STANDARD = gnu99;
				GCC_DYNAMIC_NO_PIC = NO;
				GCC_NO_COMMON_BLOCKS = YES;
				GCC_OPTIMIZATION_LEVEL = 0;
				GCC_PREPROCESSOR_DEFINITIONS = (
					"DEBUG=1",
					"$(inherited)",
				);
				GCC_WARN_64_TO_32_BIT_CONVERSION = YES;
				GCC_WARN_ABOUT_RETURN_TYPE = YES_ERROR;
				GCC_WARN_UNDECLARED_SELECTOR = YES;
				GCC_WARN_UNINITIALIZED_AUTOS = YES_AGGRESSIVE;
				GCC_WARN_UNUSED_FUNCTION = YES;
				GCC_WARN_UNUSED_VARIABLE = YES;
				IPHONEOS_DEPLOYMENT_TARGET = 10.3;
				MTL_ENABLE_DEBUG_INFO = YES;
				ONLY_ACTIVE_ARCH = YES;
				SDKROOT = iphoneos;
				SWIFT_ACTIVE_COMPILATION_CONDITIONS = DEBUG;
				SWIFT_OPTIMIZATION_LEVEL = "-Onone";
			};
			name = Debug;
		};
		841F9DA21EB09D1A00073373 /* Release */ = {
			isa = XCBuildConfiguration;
			buildSettings = {
				ALWAYS_SEARCH_USER_PATHS = NO;
				CLANG_ANALYZER_NONNULL = YES;
				CLANG_ANALYZER_NUMBER_OBJECT_CONVERSION = YES_AGGRESSIVE;
				CLANG_CXX_LANGUAGE_STANDARD = "gnu++0x";
				CLANG_CXX_LIBRARY = "libc++";
				CLANG_ENABLE_MODULES = YES;
				CLANG_ENABLE_OBJC_ARC = YES;
				CLANG_WARN_BOOL_CONVERSION = YES;
				CLANG_WARN_CONSTANT_CONVERSION = YES;
				CLANG_WARN_DIRECT_OBJC_ISA_USAGE = YES_ERROR;
				CLANG_WARN_DOCUMENTATION_COMMENTS = YES;
				CLANG_WARN_EMPTY_BODY = YES;
				CLANG_WARN_ENUM_CONVERSION = YES;
				CLANG_WARN_INFINITE_RECURSION = YES;
				CLANG_WARN_INT_CONVERSION = YES;
				CLANG_WARN_OBJC_ROOT_CLASS = YES_ERROR;
				CLANG_WARN_SUSPICIOUS_MOVE = YES;
				CLANG_WARN_UNREACHABLE_CODE = YES;
				CLANG_WARN__DUPLICATE_METHOD_MATCH = YES;
				"CODE_SIGN_IDENTITY[sdk=iphoneos*]" = "iPhone Developer";
				COPY_PHASE_STRIP = NO;
				DEBUG_INFORMATION_FORMAT = "dwarf-with-dsym";
				ENABLE_NS_ASSERTIONS = NO;
				ENABLE_STRICT_OBJC_MSGSEND = YES;
				GCC_C_LANGUAGE_STANDARD = gnu99;
				GCC_NO_COMMON_BLOCKS = YES;
				GCC_WARN_64_TO_32_BIT_CONVERSION = YES;
				GCC_WARN_ABOUT_RETURN_TYPE = YES_ERROR;
				GCC_WARN_UNDECLARED_SELECTOR = YES;
				GCC_WARN_UNINITIALIZED_AUTOS = YES_AGGRESSIVE;
				GCC_WARN_UNUSED_FUNCTION = YES;
				GCC_WARN_UNUSED_VARIABLE = YES;
				IPHONEOS_DEPLOYMENT_TARGET = 10.3;
				MTL_ENABLE_DEBUG_INFO = NO;
				SDKROOT = iphoneos;
				SWIFT_OPTIMIZATION_LEVEL = "-Owholemodule";
				VALIDATE_PRODUCT = YES;
			};
			name = Release;
		};
		841F9DA41EB09D1A00073373 /* Debug */ = {
			isa = XCBuildConfiguration;
			buildSettings = {
				ASSETCATALOG_COMPILER_APPICON_NAME = AppIcon;
				CLANG_CXX_LANGUAGE_STANDARD = "c++14";
				CLANG_CXX_LIBRARY = "libc++";
				CLANG_ENABLE_MODULES = YES;
				"CODE_SIGN_IDENTITY[sdk=iphoneos*]" = "iPhone Developer";
				DEVELOPMENT_TEAM = "";
				GCC_VERSION = "";
				HEADER_SEARCH_PATHS = "";
				INFOPLIST_FILE = rapid_medley/Info.plist;
				IPHONEOS_DEPLOYMENT_TARGET = 10.0;
				LD_RUNPATH_SEARCH_PATHS = "$(inherited) @executable_path/Frameworks";
				LIBRARY_SEARCH_PATHS = (
					"$(PROJECT_DIR)/",
					"$(PROJECT_DIR)",
				);
				OTHER_LDFLAGS = "";
				OTHER_LIBTOOLFLAGS = "";
				PRODUCT_BUNDLE_IDENTIFIER = "basemusi.rapid-medley";
				PRODUCT_NAME = "$(TARGET_NAME)";
				PROVISIONING_PROFILE_SPECIFIER = "";
				SWIFT_OBJC_BRIDGING_HEADER = "rapid_medley/rapid_medley-Bridging-Header.h";
				SWIFT_OPTIMIZATION_LEVEL = "-Onone";
				SWIFT_VERSION = 3.0;
			};
			name = Debug;
		};
		841F9DA51EB09D1A00073373 /* Release */ = {
			isa = XCBuildConfiguration;
			buildSettings = {
				ASSETCATALOG_COMPILER_APPICON_NAME = AppIcon;
				CLANG_CXX_LANGUAGE_STANDARD = "c++14";
				CLANG_CXX_LIBRARY = "libc++";
				CLANG_ENABLE_MODULES = YES;
				"CODE_SIGN_IDENTITY[sdk=iphoneos*]" = "iPhone Developer";
				DEVELOPMENT_TEAM = "";
				GCC_VERSION = "";
				HEADER_SEARCH_PATHS = "";
				INFOPLIST_FILE = rapid_medley/Info.plist;
				IPHONEOS_DEPLOYMENT_TARGET = 10.0;
				LD_RUNPATH_SEARCH_PATHS = "$(inherited) @executable_path/Frameworks";
				LIBRARY_SEARCH_PATHS = (
					"$(PROJECT_DIR)/",
					"$(PROJECT_DIR)",
				);
				OTHER_LDFLAGS = "";
				OTHER_LIBTOOLFLAGS = "";
				PRODUCT_BUNDLE_IDENTIFIER = "basemusi.rapid-medley";
				PRODUCT_NAME = "$(TARGET_NAME)";
				PROVISIONING_PROFILE_SPECIFIER = "";
				SWIFT_OBJC_BRIDGING_HEADER = "rapid_medley/rapid_medley-Bridging-Header.h";
				SWIFT_OPTIMIZATION_LEVEL = "-Owholemodule";
				SWIFT_VERSION = 3.0;
			};
			name = Release;
		};
		841F9DA71EB09D1A00073373 /* Debug */ = {
			isa = XCBuildConfiguration;
			buildSettings = {
				ALWAYS_EMBED_SWIFT_STANDARD_LIBRARIES = YES;
				BUNDLE_LOADER = "$(TEST_HOST)";
				INFOPLIST_FILE = rapid_medleyTests/Info.plist;
				LD_RUNPATH_SEARCH_PATHS = "$(inherited) @executable_path/Frameworks @loader_path/Frameworks";
				LIBRARY_SEARCH_PATHS = "$(inherited)";
				PRODUCT_BUNDLE_IDENTIFIER = "basemusi.rapid-medleyTests";
				PRODUCT_NAME = "$(TARGET_NAME)";
				SWIFT_VERSION = 3.0;
				TEST_HOST = "$(BUILT_PRODUCTS_DIR)/rapid_medley.app/rapid_medley";
			};
			name = Debug;
		};
		841F9DA81EB09D1A00073373 /* Release */ = {
			isa = XCBuildConfiguration;
			buildSettings = {
				ALWAYS_EMBED_SWIFT_STANDARD_LIBRARIES = YES;
				BUNDLE_LOADER = "$(TEST_HOST)";
				INFOPLIST_FILE = rapid_medleyTests/Info.plist;
				LD_RUNPATH_SEARCH_PATHS = "$(inherited) @executable_path/Frameworks @loader_path/Frameworks";
				LIBRARY_SEARCH_PATHS = "$(inherited)";
				PRODUCT_BUNDLE_IDENTIFIER = "basemusi.rapid-medleyTests";
				PRODUCT_NAME = "$(TARGET_NAME)";
				SWIFT_VERSION = 3.0;
				TEST_HOST = "$(BUILT_PRODUCTS_DIR)/rapid_medley.app/rapid_medley";
			};
			name = Release;
		};
		841F9DAA1EB09D1A00073373 /* Debug */ = {
			isa = XCBuildConfiguration;
			buildSettings = {
				ALWAYS_EMBED_SWIFT_STANDARD_LIBRARIES = YES;
				INFOPLIST_FILE = rapid_medleyUITests/Info.plist;
				LD_RUNPATH_SEARCH_PATHS = "$(inherited) @executable_path/Frameworks @loader_path/Frameworks";
				LIBRARY_SEARCH_PATHS = "$(inherited)";
				PRODUCT_BUNDLE_IDENTIFIER = "basemusi.rapid-medleyUITests";
				PRODUCT_NAME = "$(TARGET_NAME)";
				SWIFT_VERSION = 3.0;
				TEST_TARGET_NAME = rapid_medley;
			};
			name = Debug;
		};
		841F9DAB1EB09D1A00073373 /* Release */ = {
			isa = XCBuildConfiguration;
			buildSettings = {
				ALWAYS_EMBED_SWIFT_STANDARD_LIBRARIES = YES;
				INFOPLIST_FILE = rapid_medleyUITests/Info.plist;
				LD_RUNPATH_SEARCH_PATHS = "$(inherited) @executable_path/Frameworks @loader_path/Frameworks";
				LIBRARY_SEARCH_PATHS = "$(inherited)";
				PRODUCT_BUNDLE_IDENTIFIER = "basemusi.rapid-medleyUITests";
				PRODUCT_NAME = "$(TARGET_NAME)";
				SWIFT_VERSION = 3.0;
				TEST_TARGET_NAME = rapid_medley;
			};
			name = Release;
		};
/* End XCBuildConfiguration section */

/* Begin XCConfigurationList section */
		841F9D731EB09D1A00073373 /* Build configuration list for PBXProject "rapid_medley" */ = {
			isa = XCConfigurationList;
			buildConfigurations = (
				841F9DA11EB09D1A00073373 /* Debug */,
				841F9DA21EB09D1A00073373 /* Release */,
			);
			defaultConfigurationIsVisible = 0;
			defaultConfigurationName = Release;
		};
		841F9DA31EB09D1A00073373 /* Build configuration list for PBXNativeTarget "rapid_medley" */ = {
			isa = XCConfigurationList;
			buildConfigurations = (
				841F9DA41EB09D1A00073373 /* Debug */,
				841F9DA51EB09D1A00073373 /* Release */,
			);
			defaultConfigurationIsVisible = 0;
			defaultConfigurationName = Release;
		};
		841F9DA61EB09D1A00073373 /* Build configuration list for PBXNativeTarget "rapid_medleyTests" */ = {
			isa = XCConfigurationList;
			buildConfigurations = (
				841F9DA71EB09D1A00073373 /* Debug */,
				841F9DA81EB09D1A00073373 /* Release */,
			);
			defaultConfigurationIsVisible = 0;
			defaultConfigurationName = Release;
		};
		841F9DA91EB09D1A00073373 /* Build configuration list for PBXNativeTarget "rapid_medleyUITests" */ = {
			isa = XCConfigurationList;
			buildConfigurations = (
				841F9DAA1EB09D1A00073373 /* Debug */,
				841F9DAB1EB09D1A00073373 /* Release */,
			);
			defaultConfigurationIsVisible = 0;
			defaultConfigurationName = Release;
		};
/* End XCConfigurationList section */

/* Begin XCVersionGroup section */
		844C3DC51ED48145009D5814 /* Model.xcdatamodeld */ = {
			isa = XCVersionGroup;
			children = (
				844C3DC61ED48145009D5814 /* Model.xcdatamodel */,
			);
			currentVersion = 844C3DC61ED48145009D5814 /* Model.xcdatamodel */;
			path = Model.xcdatamodeld;
			sourceTree = "<group>";
			versionGroupType = wrapper.xcdatamodel;
		};
/* End XCVersionGroup section */
	};
	rootObject = 841F9D701EB09D1A00073373 /* Project object */;
}
